
Microsoft Visual Studio Solution File, Format Version 12.00
# Visual Studio 15
VisualStudioVersion = 15.0.27703.2035
MinimumVisualStudioVersion = 10.0.40219.1
Project("{FAE04EC0-301F-11D3-BF4B-00C04F79EFBC}") = "ContriBallad", "ContriBallad\ContriBallad.csproj", "{EE16D02E-6760-46DB-A1D8-E6D5D431E0EC}"
EndProject
Global
	GlobalSection(SolutionConfigurationPlatforms) = preSolution
		Debug|Any CPU = Debug|Any CPU
		Release|Any CPU = Release|Any CPU
	EndGlobalSection
	GlobalSection(ProjectConfigurationPlatforms) = postSolution
		{EE16D02E-6760-46DB-A1D8-E6D5D431E0EC}.Debug|Any CPU.ActiveCfg = Debug|Any CPU
		{EE16D02E-6760-46DB-A1D8-E6D5D431E0EC}.Debug|Any CPU.Build.0 = Debug|Any CPU
		{EE16D02E-6760-46DB-A1D8-E6D5D431E0EC}.Release|Any CPU.ActiveCfg = Release|Any CPU
		{EE16D02E-6760-46DB-A1D8-E6D5D431E0EC}.Release|Any CPU.Build.0 = Release|Any CPU
	EndGlobalSection
	GlobalSection(SolutionProperties) = preSolution
		HideSolutionNode = FALSE
	EndGlobalSection
	GlobalSection(ExtensibilityGlobals) = postSolution
		SolutionGuid = {1FF664F7-23EF-4244-8C69-41BD9A77D914}
	EndGlobalSection
EndGlobal
